<Solution>
  <Project Path="TerminalSimulation.Network/TerminalSimulation.Network.csproj" />
  <Project Path="TerminalSimulation.PluginBase/TerminalSimulation.PluginBase.csproj" />
  <Project Path="TerminalSimulation.Plugins.XunjieCloud/TerminalSimulation.Plugins.XunjieCloud.csproj" />
  <Project Path="TerminalSimulation.Protocol/TerminalSimulation.Protocol.csproj" />
  <Project Path="TerminalSimulation.Tests/TerminalSimulation.Tests.csproj" />
  <Project Path="TerminalSimulation.Wpf/TerminalSimulation.Wpf.csproj" />
</Solution>
